
Microsoft Visual Studio Solution File, Format Version 12.00
# Visual Studio Version 17
VisualStudioVersion = 17.14.36310.24 d17.14
MinimumVisualStudioVersion = 10.0.40219.1
Project("{FAE04EC0-301F-11D3-BF4B-00C04F79EFBC}") = "Downloader", "Downloader\Downloader.csproj", "{412857B8-267D-4341-B6F9-42CC8D9280CD}"
EndProject
Global
	GlobalSection(SolutionConfigurationPlatforms) = preSolution
		Debug|Any CPU = Debug|Any CPU
		Release|Any CPU = Release|Any CPU
	EndGlobalSection
	GlobalSection(ProjectConfigurationPlatforms) = postSolution
		{412857B8-267D-4341-B6F9-42CC8D9280CD}.Debug|Any CPU.ActiveCfg = Debug|Any CPU
		{412857B8-267D-4341-B6F9-42CC8D9280CD}.Debug|Any CPU.Build.0 = Debug|Any CPU
		{412857B8-267D-4341-B6F9-42CC8D9280CD}.Release|Any CPU.ActiveCfg = Release|Any CPU
		{412857B8-267D-4341-B6F9-42CC8D9280CD}.Release|Any CPU.Build.0 = Release|Any CPU
	EndGlobalSection
	GlobalSection(SolutionProperties) = preSolution
		HideSolutionNode = FALSE
	EndGlobalSection
	GlobalSection(ExtensibilityGlobals) = postSolution
		SolutionGuid = {38C546F3-365C-4533-9F85-B0BA66FFFDC2}
	EndGlobalSection
EndGlobal
